
Microsoft Visual Studio Solution File, Format Version 12.00
# Visual Studio Version 16
VisualStudioVersion = 16.0.29519.181
MinimumVisualStudioVersion = 10.0.40219.1
Project("{FAE04EC0-301F-11D3-BF4B-00C04F79EFBC}") = "AdoNet_Lab6_ LoadDataSetXml", "AdoNet_Lab6_ LoadDataSetXml.csproj", "{ADAA86FC-69A3-4050-AD84-A4962DDF4418}"
EndProject
Global
	GlobalSection(SolutionConfigurationPlatforms) = preSolution
		Debug|Any CPU = Debug|Any CPU
		Release|Any CPU = Release|Any CPU
	EndGlobalSection
	GlobalSection(ProjectConfigurationPlatforms) = postSolution
		{ADAA86FC-69A3-4050-AD84-A4962DDF4418}.Debug|Any CPU.ActiveCfg = Debug|Any CPU
		{ADAA86FC-69A3-4050-AD84-A4962DDF4418}.Debug|Any CPU.Build.0 = Debug|Any CPU
		{ADAA86FC-69A3-4050-AD84-A4962DDF4418}.Release|Any CPU.ActiveCfg = Release|Any CPU
		{ADAA86FC-69A3-4050-AD84-A4962DDF4418}.Release|Any CPU.Build.0 = Release|Any CPU
	EndGlobalSection
	GlobalSection(SolutionProperties) = preSolution
		HideSolutionNode = FALSE
	EndGlobalSection
	GlobalSection(ExtensibilityGlobals) = postSolution
		SolutionGuid = {EC272FA9-42C3-4134-AFF9-686F2729D1A7}
	EndGlobalSection
EndGlobal
