
Microsoft Visual Studio Solution File, Format Version 12.00
# Visual Studio Version 16
VisualStudioVersion = 16.0.29519.181
MinimumVisualStudioVersion = 10.0.40219.1
Project("{FAE04EC0-301F-11D3-BF4B-00C04F79EFBC}") = "AdoNet_Lab8_LINQsql_1", "AdoNet_Lab8_LINQsql_1.csproj", "{D92F3200-5161-4EFD-8454-F4025EF162D2}"
EndProject
Global
	GlobalSection(SolutionConfigurationPlatforms) = preSolution
		Debug|Any CPU = Debug|Any CPU
		Release|Any CPU = Release|Any CPU
	EndGlobalSection
	GlobalSection(ProjectConfigurationPlatforms) = postSolution
		{D92F3200-5161-4EFD-8454-F4025EF162D2}.Debug|Any CPU.ActiveCfg = Debug|Any CPU
		{D92F3200-5161-4EFD-8454-F4025EF162D2}.Debug|Any CPU.Build.0 = Debug|Any CPU
		{D92F3200-5161-4EFD-8454-F4025EF162D2}.Release|Any CPU.ActiveCfg = Release|Any CPU
		{D92F3200-5161-4EFD-8454-F4025EF162D2}.Release|Any CPU.Build.0 = Release|Any CPU
	EndGlobalSection
	GlobalSection(SolutionProperties) = preSolution
		HideSolutionNode = FALSE
	EndGlobalSection
	GlobalSection(ExtensibilityGlobals) = postSolution
		SolutionGuid = {305C9B84-37E4-4D98-95B5-D7DC8CB5D567}
	EndGlobalSection
EndGlobal
