
Microsoft Visual Studio Solution File, Format Version 12.00
# Visual Studio Version 16
VisualStudioVersion = 16.0.29519.181
MinimumVisualStudioVersion = 10.0.40219.1
Project("{FAE04EC0-301F-11D3-BF4B-00C04F79EFBC}") = "AdoNet_Lab5_DataSourcesWizard", "AdoNet_Lab5_DataSourcesWizard.csproj", "{508AAB0D-ABA3-4C7A-BCDF-E18BCBDDE3D6}"
EndProject
Global
	GlobalSection(SolutionConfigurationPlatforms) = preSolution
		Debug|Any CPU = Debug|Any CPU
		Release|Any CPU = Release|Any CPU
	EndGlobalSection
	GlobalSection(ProjectConfigurationPlatforms) = postSolution
		{508AAB0D-ABA3-4C7A-BCDF-E18BCBDDE3D6}.Debug|Any CPU.ActiveCfg = Debug|Any CPU
		{508AAB0D-ABA3-4C7A-BCDF-E18BCBDDE3D6}.Debug|Any CPU.Build.0 = Debug|Any CPU
		{508AAB0D-ABA3-4C7A-BCDF-E18BCBDDE3D6}.Release|Any CPU.ActiveCfg = Release|Any CPU
		{508AAB0D-ABA3-4C7A-BCDF-E18BCBDDE3D6}.Release|Any CPU.Build.0 = Release|Any CPU
	EndGlobalSection
	GlobalSection(SolutionProperties) = preSolution
		HideSolutionNode = FALSE
	EndGlobalSection
	GlobalSection(ExtensibilityGlobals) = postSolution
		SolutionGuid = {B91634C8-29E0-4F66-BBA5-8114FB7AB113}
	EndGlobalSection
EndGlobal
