
Microsoft Visual Studio Solution File, Format Version 12.00
# Visual Studio Version 16
VisualStudioVersion = 16.0.29519.181
MinimumVisualStudioVersion = 10.0.40219.1
Project("{FAE04EC0-301F-11D3-BF4B-00C04F79EFBC}") = "AdoNet_Lab4_DataViewExample", "AdoNet_Lab4_DataViewExample.csproj", "{D3098157-A778-4BA6-AD07-569967EA9DBE}"
EndProject
Global
	GlobalSection(SolutionConfigurationPlatforms) = preSolution
		Debug|Any CPU = Debug|Any CPU
		Release|Any CPU = Release|Any CPU
	EndGlobalSection
	GlobalSection(ProjectConfigurationPlatforms) = postSolution
		{D3098157-A778-4BA6-AD07-569967EA9DBE}.Debug|Any CPU.ActiveCfg = Debug|Any CPU
		{D3098157-A778-4BA6-AD07-569967EA9DBE}.Debug|Any CPU.Build.0 = Debug|Any CPU
		{D3098157-A778-4BA6-AD07-569967EA9DBE}.Release|Any CPU.ActiveCfg = Release|Any CPU
		{D3098157-A778-4BA6-AD07-569967EA9DBE}.Release|Any CPU.Build.0 = Release|Any CPU
	EndGlobalSection
	GlobalSection(SolutionProperties) = preSolution
		HideSolutionNode = FALSE
	EndGlobalSection
	GlobalSection(ExtensibilityGlobals) = postSolution
		SolutionGuid = {7FEC4329-4789-4434-8116-C0EEEA2A4EDB}
	EndGlobalSection
EndGlobal
